
Microsoft Visual Studio Solution File, Format Version 12.00
# Visual Studio 15
VisualStudioVersion = 15.0.35319.79
MinimumVisualStudioVersion = 10.0.40219.1
Project("{FAE04EC0-301F-11D3-BF4B-00C04F79EFBC}") = "uzayMadencisi", "uzayMadencisi\uzayMadencisi.csproj", "{73B521CE-189D-4EDF-A226-E6B000CCBFE6}"
EndProject
Global
	GlobalSection(SolutionConfigurationPlatforms) = preSolution
		Debug|Any CPU = Debug|Any CPU
		Release|Any CPU = Release|Any CPU
	EndGlobalSection
	GlobalSection(ProjectConfigurationPlatforms) = postSolution
		{73B521CE-189D-4EDF-A226-E6B000CCBFE6}.Debug|Any CPU.ActiveCfg = Debug|Any CPU
		{73B521CE-189D-4EDF-A226-E6B000CCBFE6}.Debug|Any CPU.Build.0 = Debug|Any CPU
		{73B521CE-189D-4EDF-A226-E6B000CCBFE6}.Release|Any CPU.ActiveCfg = Release|Any CPU
		{73B521CE-189D-4EDF-A226-E6B000CCBFE6}.Release|Any CPU.Build.0 = Release|Any CPU
	EndGlobalSection
	GlobalSection(SolutionProperties) = preSolution
		HideSolutionNode = FALSE
	EndGlobalSection
	GlobalSection(ExtensibilityGlobals) = postSolution
		SolutionGuid = {0DD08C2E-D80D-42A3-8722-32DEB2DFD361}
	EndGlobalSection
EndGlobal
