
Microsoft Visual Studio Solution File, Format Version 12.00
# Visual Studio 15
VisualStudioVersion = 15.0.35319.79
MinimumVisualStudioVersion = 10.0.40219.1
Project("{FAE04EC0-301F-11D3-BF4B-00C04F79EFBC}") = "MatrisCarpim", "MatrisCarpim\MatrisCarpim.csproj", "{4A450462-B927-43AB-84C7-27982E67F16C}"
EndProject
Global
	GlobalSection(SolutionConfigurationPlatforms) = preSolution
		Debug|Any CPU = Debug|Any CPU
		Release|Any CPU = Release|Any CPU
	EndGlobalSection
	GlobalSection(ProjectConfigurationPlatforms) = postSolution
		{4A450462-B927-43AB-84C7-27982E67F16C}.Debug|Any CPU.ActiveCfg = Debug|Any CPU
		{4A450462-B927-43AB-84C7-27982E67F16C}.Debug|Any CPU.Build.0 = Debug|Any CPU
		{4A450462-B927-43AB-84C7-27982E67F16C}.Release|Any CPU.ActiveCfg = Release|Any CPU
		{4A450462-B927-43AB-84C7-27982E67F16C}.Release|Any CPU.Build.0 = Release|Any CPU
	EndGlobalSection
	GlobalSection(SolutionProperties) = preSolution
		HideSolutionNode = FALSE
	EndGlobalSection
	GlobalSection(ExtensibilityGlobals) = postSolution
		SolutionGuid = {3DC6431B-959F-4784-BC12-18689F6AA00C}
	EndGlobalSection
EndGlobal
