
Microsoft Visual Studio Solution File, Format Version 12.00
# Visual Studio 15
VisualStudioVersion = 15.0.35319.79
MinimumVisualStudioVersion = 10.0.40219.1
Project("{FAE04EC0-301F-11D3-BF4B-00C04F79EFBC}") = "medyanOrtalama", "medyanOrtalama\medyanOrtalama.csproj", "{22D6BCB2-7139-467A-8101-57997859AE00}"
EndProject
Global
	GlobalSection(SolutionConfigurationPlatforms) = preSolution
		Debug|Any CPU = Debug|Any CPU
		Release|Any CPU = Release|Any CPU
	EndGlobalSection
	GlobalSection(ProjectConfigurationPlatforms) = postSolution
		{22D6BCB2-7139-467A-8101-57997859AE00}.Debug|Any CPU.ActiveCfg = Debug|Any CPU
		{22D6BCB2-7139-467A-8101-57997859AE00}.Debug|Any CPU.Build.0 = Debug|Any CPU
		{22D6BCB2-7139-467A-8101-57997859AE00}.Release|Any CPU.ActiveCfg = Release|Any CPU
		{22D6BCB2-7139-467A-8101-57997859AE00}.Release|Any CPU.Build.0 = Release|Any CPU
	EndGlobalSection
	GlobalSection(SolutionProperties) = preSolution
		HideSolutionNode = FALSE
	EndGlobalSection
	GlobalSection(ExtensibilityGlobals) = postSolution
		SolutionGuid = {8D50EF67-A156-46BF-8391-5DA24C8C759B}
	EndGlobalSection
EndGlobal
